{
  "version": "5",
  "specifiers": {
    "jsr:@cliffy/command@1": "1.0.0",
    "jsr:@cliffy/flags@1.0.0": "1.0.0",
    "jsr:@cliffy/internal@1.0.0": "1.0.0",
    "jsr:@cliffy/table@1.0.0": "1.0.0",
    "jsr:@std/assert@*": "1.0.19",
    "jsr:@std/assert@1": "1.0.19",
    "jsr:@std/collections@^1.1.3": "1.1.6",
    "jsr:@std/fmt@^1.0.9": "1.0.9",
    "jsr:@std/internal@^1.0.12": "1.0.12",
    "jsr:@std/text@^1.0.17": "1.0.17",
    "jsr:@std/toml@1": "1.0.11",
    "npm:tsdav@2.1.8": "2.1.8"
  },
  "jsr": {
    "@cliffy/command@1.0.0": {
      "integrity": "c52a241ea68857fcdaff4f3173eb404f8017d7bc35553b6f533c592b89dde7d2",
      "dependencies": [
        "jsr:@cliffy/flags",
        "jsr:@cliffy/internal",
        "jsr:@cliffy/table",
        "jsr:@std/fmt",
        "jsr:@std/text"
      ]
    },
    "@cliffy/flags@1.0.0": {
      "integrity": "8b57698adc644da8f90422d58976362d41a4ebca39c312ca1c101585d0148feb",
      "dependencies": [
        "jsr:@cliffy/internal",
        "jsr:@std/text"
      ]
    },
    "@cliffy/internal@1.0.0": {
      "integrity": "1e17ccbcd5420093c0a93e5b3827bbdc9abac5195bacf187edc44665e54bdde6"
    },
    "@cliffy/table@1.0.0": {
      "integrity": "3fdaa9e1ef1ea62022108adabd826932bdea8dd05497079896febcd41322907f",
      "dependencies": [
        "jsr:@std/fmt"
      ]
    },
    "@std/assert@1.0.19": {
      "integrity": "eaada96ee120cb980bc47e040f82814d786fe8162ecc53c91d8df60b8755991e",
      "dependencies": [
        "jsr:@std/internal"
      ]
    },
    "@std/collections@1.1.6": {
      "integrity": "b458160ce65ea5ad35da05d0a5cbee4b583677c8b443a10d7beb0c4ac63f2baa"
    },
    "@std/fmt@1.0.9": {
      "integrity": "2487343e8899fb2be5d0e3d35013e54477ada198854e52dd05ed0422eddcabe0"
    },
    "@std/internal@1.0.12": {
      "integrity": "972a634fd5bc34b242024402972cd5143eac68d8dffaca5eaa4dba30ce17b027"
    },
    "@std/text@1.0.17": {
      "integrity": "4b2c4ef67ae5b6c1dfd447c81c83a43718f52e3c7e748d8b33f694aba9895f95"
    },
    "@std/toml@1.0.11": {
      "integrity": "e084988b872ca4bad6aedfb7350f6eeed0e8ba88e9ee5e1590621c5b5bb8f715",
      "dependencies": [
        "jsr:@std/collections"
      ]
    }
  },
  "npm": {
    "base-64@1.0.0": {
      "integrity": "sha512-kwDPIFCGx0NZHog36dj+tHiwP4QMzsZ3AgMViUBKI0+V5n4U0ufTCUMhnQ04diaRI8EX/QcPfql7zlhZ7j4zgg=="
    },
    "cross-fetch@4.1.0": {
      "integrity": "sha512-uKm5PU+MHTootlWEY+mZ4vvXoCn4fLQxT9dSc1sXVMSFkINTJVN8cAQROpwcKm8bJ/c7rgZVIBWzH5T78sNZZw==",
      "dependencies": [
        "node-fetch"
      ]
    },
    "debug@4.4.3": {
      "integrity": "sha512-RGwwWnwQvkVfavKVt22FGLw+xYSdzARwm0ru6DhTVA3umU5hZc28V3kO4stgYryrTlLpuvgI9GiijltAjNbcqA==",
      "dependencies": [
        "ms"
      ]
    },
    "ms@2.1.3": {
      "integrity": "sha512-6FlzubTLZG3J2a/NVCAleEhjzq5oxgHyaCU9yYXvcLsvoVaHJq/s5xXI6/XXP6tz7R9xAOtHnSO/tXtF3WRTlA=="
    },
    "node-fetch@2.7.0": {
      "integrity": "sha512-c4FRfUm/dbcWZ7U+1Wq0AwCyFL+3nt2bEw05wfxSz+DWpWsitgmSgYmy2dQdWyKC1694ELPqMs/YzUSNozLt8A==",
      "dependencies": [
        "whatwg-url"
      ]
    },
    "sax@1.5.0": {
      "integrity": "sha512-21IYA3Q5cQf089Z6tgaUTr7lDAyzoTPx5HRtbhsME8Udispad8dC/+sziTNugOEx54ilvatQ9YCzl4KQLPcRHA=="
    },
    "tr46@0.0.3": {
      "integrity": "sha512-N3WMsuqV66lT30CrXNbEjx4GEwlow3v6rr4mCcv6prnfwhS01rkgyFdjPNBYd9br7LpXV1+Emh01fHnq2Gdgrw=="
    },
    "tsdav@2.1.8": {
      "integrity": "sha512-zvQvhZLzTaEmNNgJbBlUYT/JOq9Xpw/xkxCqs7IT2d2/7o7pss0iZOlZXuHJ5VcvSvTny42Vc6+6GyzZcrCJ1g==",
      "dependencies": [
        "base-64",
        "cross-fetch",
        "debug",
        "xml-js"
      ]
    },
    "webidl-conversions@3.0.1": {
      "integrity": "sha512-2JAn3z8AR6rjK8Sm8orRC0h/bcl/DqL7tRPdGZ4I1CjdF+EaMLmYxBHyXuKL849eucPFhvBoxMsflfOb8kxaeQ=="
    },
    "whatwg-url@5.0.0": {
      "integrity": "sha512-saE57nupxk6v3HY35+jzBwYa0rKSy0XR8JSxZPwgLr7ys0IBzhGviA1/TUGJLmSVqs8pb9AnvICXEuOHLprYTw==",
      "dependencies": [
        "tr46",
        "webidl-conversions"
      ]
    },
    "xml-js@1.6.11": {
      "integrity": "sha512-7rVi2KMfwfWFl+GpPg6m80IVMWXLRjO+PxTq7V2CDhoGak0wzYzFgUY2m4XJ47OGdXd8eLE8EmwfAmdjw7lC1g==",
      "dependencies": [
        "sax"
      ],
      "bin": true
    }
  },
  "workspace": {
    "dependencies": [
      "jsr:@cliffy/command@1",
      "jsr:@std/assert@1",
      "jsr:@std/toml@1",
      "npm:tsdav@2.1.8"
    ]
  }
}
